# THIS IS AN AUTOGENERATED FILE. DO NOT EDIT THIS FILE DIRECTLY.
# yarn lockfile v1


highcharts@^6.2.0:
  version "6.2.0"
  resolved "https://registry.yarnpkg.com/highcharts/-/highcharts-6.2.0.tgz#2a6d04652eb43c66f462ca7e2d2808f1f2782b61"
  integrity sha512-A4E89MA+kto8giic7zyLU6ZxfXnVeCUlKOyzFsah3+n4BROx4bgonl92KIBtwLud/mIWir8ahqhuhe2by9LakQ==
